
Microsoft Visual Studio Solution File, Format Version 12.00
# Visual Studio Version 17
VisualStudioVersion = 17.5.002.0
MinimumVisualStudioVersion = 10.0.40219.1
Project("{9A19103F-16F7-4668-BE54-9A1E7A4F7556}") = "OoJSON_Marco", "OoJSON_Marco.csproj", "{5B97F103-E180-4D3E-94F1-3A22F4A13824}"
EndProject
Global
	GlobalSection(SolutionConfigurationPlatforms) = preSolution
		Debug|Any CPU = Debug|Any CPU
		Release|Any CPU = Release|Any CPU
	EndGlobalSection
	GlobalSection(ProjectConfigurationPlatforms) = postSolution
		{5B97F103-E180-4D3E-94F1-3A22F4A13824}.Debug|Any CPU.ActiveCfg = Debug|Any CPU
		{5B97F103-E180-4D3E-94F1-3A22F4A13824}.Debug|Any CPU.Build.0 = Debug|Any CPU
		{5B97F103-E180-4D3E-94F1-3A22F4A13824}.Release|Any CPU.ActiveCfg = Release|Any CPU
		{5B97F103-E180-4D3E-94F1-3A22F4A13824}.Release|Any CPU.Build.0 = Release|Any CPU
	EndGlobalSection
	GlobalSection(SolutionProperties) = preSolution
		HideSolutionNode = FALSE
	EndGlobalSection
	GlobalSection(ExtensibilityGlobals) = postSolution
		SolutionGuid = {0905786F-DF33-4564-BA21-1457B6BC742B}
	EndGlobalSection
EndGlobal
